
Microsoft Visual Studio Solution File, Format Version 12.00
# Visual Studio Version 16
VisualStudioVersion = 16.0.29911.84
MinimumVisualStudioVersion = 10.0.40219.1
Project("{FAE04EC0-301F-11D3-BF4B-00C04F79EFBC}") = "reverse-string", "reverse-string\reverse-string.csproj", "{0D205164-58F7-4A17-BA3B-1A8213640F65}"
EndProject
Global
	GlobalSection(SolutionConfigurationPlatforms) = preSolution
		Debug|Any CPU = Debug|Any CPU
		Release|Any CPU = Release|Any CPU
	EndGlobalSection
	GlobalSection(ProjectConfigurationPlatforms) = postSolution
		{0D205164-58F7-4A17-BA3B-1A8213640F65}.Debug|Any CPU.ActiveCfg = Debug|Any CPU
		{0D205164-58F7-4A17-BA3B-1A8213640F65}.Debug|Any CPU.Build.0 = Debug|Any CPU
		{0D205164-58F7-4A17-BA3B-1A8213640F65}.Release|Any CPU.ActiveCfg = Release|Any CPU
		{0D205164-58F7-4A17-BA3B-1A8213640F65}.Release|Any CPU.Build.0 = Release|Any CPU
	EndGlobalSection
	GlobalSection(SolutionProperties) = preSolution
		HideSolutionNode = FALSE
	EndGlobalSection
	GlobalSection(ExtensibilityGlobals) = postSolution
		SolutionGuid = {C0B289A6-A735-4582-9892-131F46008071}
	EndGlobalSection
EndGlobal
